// !$*UTF8*$!
{
	archiveVersion = 1;
	classes = {
	};
	objectVersion = 50;
	objects = {

/* Begin PBXBuildFile section */
		F0EE85052476B23400C17845 /* main.swift in Sources */ = {isa = PBXBuildFile; fileRef = F0EE85042476B23400C17845 /* main.swift */; };
		F0EE850D2476B29400C17845 /* Album.swift in Sources */ = {isa = PBXBuildFile; fileRef = F0EE850C2476B29400C17845 /* Album.swift */; };
		F0EE85102476B6D800C17845 /* NetworkHandler.swift in Sources */ = {isa = PBXBuildFile; fileRef = F0EE850F2476B6D800C17845 /* NetworkHandler.swift */; };
		F0EE85142476B96900C17845 /* NetworkManager.swift in Sources */ = {isa = PBXBuildFile; fileRef = F0EE85132476B96900C17845 /* NetworkManager.swift */; };
		F0EE85172476D72500C17845 /* NetworkEngine.swift in Sources */ = {isa = PBXBuildFile; fileRef = F0EE85162476D72500C17845 /* NetworkEngine.swift */; };
/* End PBXBuildFile section */

/* Begin PBXCopyFilesBuildPhase section */
		F0EE84FF2476B23400C17845 /* CopyFiles */ = {
			isa = PBXCopyFilesBuildPhase;
			buildActionMask = 2147483647;
			dstPath = /usr/share/man/man1/;
			dstSubfolderSpec = 0;
			files = (
			);
			runOnlyForDeploymentPostprocessing = 1;
		};
/* End PBXCopyFilesBuildPhase section */

/* Begin PBXFileReference section */
		F0EE85012476B23400C17845 /* TestableAPIProject */ = {isa = PBXFileReference; explicitFileType = "compiled.mach-o.executable"; includeInIndex = 0; path = TestableAPIProject; sourceTree = BUILT_PRODUCTS_DIR; };
		F0EE85042476B23400C17845 /* main.swift */ = {isa = PBXFileReference; lastKnownFileType = sourcecode.swift; path = main.swift; sourceTree = "<group>"; };
		F0EE850C2476B29400C17845 /* Album.swift */ = {isa = PBXFileReference; lastKnownFileType = sourcecode.swift; path = Album.swift; sourceTree = "<group>"; };
		F0EE850F2476B6D800C17845 /* NetworkHandler.swift */ = {isa = PBXFileReference; lastKnownFileType = sourcecode.swift; path = NetworkHandler.swift; sourceTree = "<group>"; };
		F0EE85132476B96900C17845 /* NetworkManager.swift */ = {isa = PBXFileReference; lastKnownFileType = sourcecode.swift; path = NetworkManager.swift; sourceTree = "<group>"; };
		F0EE85162476D72500C17845 /* NetworkEngine.swift */ = {isa = PBXFileReference; lastKnownFileType = sourcecode.swift; path = NetworkEngine.swift; sourceTree = "<group>"; };
/* End PBXFileReference section */

/* Begin PBXFrameworksBuildPhase section */
		F0EE84FE2476B23400C17845 /* Frameworks */ = {
			isa = PBXFrameworksBuildPhase;
			buildActionMask = 2147483647;
			files = (
			);
			runOnlyForDeploymentPostprocessing = 0;
		};
/* End PBXFrameworksBuildPhase section */

/* Begin PBXGroup section */
		F0EE84F82476B23400C17845 = {
			isa = PBXGroup;
			children = (
				F0EE85032476B23400C17845 /* TestableAPIProject */,
				F0EE85022476B23400C17845 /* Products */,
			);
			sourceTree = "<group>";
		};
		F0EE85022476B23400C17845 /* Products */ = {
			isa = PBXGroup;
			children = (
				F0EE85012476B23400C17845 /* TestableAPIProject */,
			);
			name = Products;
			sourceTree = "<group>";
		};
		F0EE85032476B23400C17845 /* TestableAPIProject */ = {
			isa = PBXGroup;
			children = (
				F0EE85112476B94100C17845 /* Utils */,
				F0EE850B2476B28200C17845 /* Model */,
				F0EE85042476B23400C17845 /* main.swift */,
			);
			path = TestableAPIProject;
			sourceTree = "<group>";
		};
		F0EE850B2476B28200C17845 /* Model */ = {
			isa = PBXGroup;
			children = (
				F0EE850C2476B29400C17845 /* Album.swift */,
			);
			path = Model;
			sourceTree = "<group>";
		};
		F0EE850E2476B6C500C17845 /* Protocols */ = {
			isa = PBXGroup;
			children = (
				F0EE850F2476B6D800C17845 /* NetworkHandler.swift */,
			);
			path = Protocols;
			sourceTree = "<group>";
		};
		F0EE85112476B94100C17845 /* Utils */ = {
			isa = PBXGroup;
			children = (
				F0EE85152476D6F600C17845 /* Engines */,
				F0EE850E2476B6C500C17845 /* Protocols */,
				F0EE85122476B94600C17845 /* Managers */,
			);
			path = Utils;
			sourceTree = "<group>";
		};
		F0EE85122476B94600C17845 /* Managers */ = {
			isa = PBXGroup;
			children = (
				F0EE85132476B96900C17845 /* NetworkManager.swift */,
			);
			path = Managers;
			sourceTree = "<group>";
		};
		F0EE85152476D6F600C17845 /* Engines */ = {
			isa = PBXGroup;
			children = (
				F0EE85162476D72500C17845 /* NetworkEngine.swift */,
			);
			path = Engines;
			sourceTree = "<group>";
		};
/* End PBXGroup section */

/* Begin PBXNativeTarget section */
		F0EE85002476B23400C17845 /* TestableAPIProject */ = {
			isa = PBXNativeTarget;
			buildConfigurationList = F0EE85082476B23400C17845 /* Build configuration list for PBXNativeTarget "TestableAPIProject" */;
			buildPhases = (
				F0EE84FD2476B23400C17845 /* Sources */,
				F0EE84FE2476B23400C17845 /* Frameworks */,
				F0EE84FF2476B23400C17845 /* CopyFiles */,
			);
			buildRules = (
			);
			dependencies = (
			);
			name = TestableAPIProject;
			productName = TestableAPIProject;
			productReference = F0EE85012476B23400C17845 /* TestableAPIProject */;
			productType = "com.apple.product-type.tool";
		};
/* End PBXNativeTarget section */

/* Begin PBXProject section */
		F0EE84F92476B23400C17845 /* Project object */ = {
			isa = PBXProject;
			attributes = {
				LastSwiftUpdateCheck = 1140;
				LastUpgradeCheck = 1140;
				ORGANIZATIONNAME = "Hugo Flores Perez";
				TargetAttributes = {
					F0EE85002476B23400C17845 = {
						CreatedOnToolsVersion = 11.4.1;
					};
				};
			};
			buildConfigurationList = F0EE84FC2476B23400C17845 /* Build configuration list for PBXProject "TestableAPIProject" */;
			compatibilityVersion = "Xcode 9.3";
			developmentRegion = en;
			hasScannedForEncodings = 0;
			knownRegions = (
				en,
				Base,
			);
			mainGroup = F0EE84F82476B23400C17845;
			productRefGroup = F0EE85022476B23400C17845 /* Products */;
			projectDirPath = "";
			projectRoot = "";
			targets = (
				F0EE85002476B23400C17845 /* TestableAPIProject */,
			);
		};
/* End PBXProject section */

/* Begin PBXSourcesBuildPhase section */
		F0EE84FD2476B23400C17845 /* Sources */ = {
			isa = PBXSourcesBuildPhase;
			buildActionMask = 2147483647;
			files = (
				F0EE85142476B96900C17845 /* NetworkManager.swift in Sources */,
				F0EE85172476D72500C17845 /* NetworkEngine.swift in Sources */,
				F0EE85052476B23400C17845 /* main.swift in Sources */,
				F0EE850D2476B29400C17845 /* Album.swift in Sources */,
				F0EE85102476B6D800C17845 /* NetworkHandler.swift in Sources */,
			);
			runOnlyForDeploymentPostprocessing = 0;
		};
/* End PBXSourcesBuildPhase section */

/* Begin XCBuildConfiguration section */
		F0EE85062476B23400C17845 /* Debug */ = {
			isa = XCBuildConfiguration;
			buildSettings = {
				ALWAYS_SEARCH_USER_PATHS = NO;
				CLANG_ANALYZER_NONNULL = YES;
				CLANG_ANALYZER_NUMBER_OBJECT_CONVERSION = YES_AGGRESSIVE;
				CLANG_CXX_LANGUAGE_STANDARD = "gnu++14";
				CLANG_CXX_LIBRARY = "libc++";
				CLANG_ENABLE_MODULES = YES;
				CLANG_ENABLE_OBJC_ARC = YES;
				CLANG_ENABLE_OBJC_WEAK = YES;
				CLANG_WARN_BLOCK_CAPTURE_AUTORELEASING = YES;
				CLANG_WARN_BOOL_CONVERSION = YES;
				CLANG_WARN_COMMA = YES;
				CLANG_WARN_CONSTANT_CONVERSION = YES;
				CLANG_WARN_DEPRECATED_OBJC_IMPLEMENTATIONS = YES;
				CLANG_WARN_DIRECT_OBJC_ISA_USAGE = YES_ERROR;
				CLANG_WARN_DOCUMENTATION_COMMENTS = YES;
				CLANG_WARN_EMPTY_BODY = YES;
				CLANG_WARN_ENUM_CONVERSION = YES;
				CLANG_WARN_INFINITE_RECURSION = YES;
				CLANG_WARN_INT_CONVERSION = YES;
				CLANG_WARN_NON_LITERAL_NULL_CONVERSION = YES;
				CLANG_WARN_OBJC_IMPLICIT_RETAIN_SELF = YES;
				CLANG_WARN_OBJC_LITERAL_CONVERSION = YES;
				CLANG_WARN_OBJC_ROOT_CLASS = YES_ERROR;
				CLANG_WARN_RANGE_LOOP_ANALYSIS = YES;
				CLANG_WARN_STRICT_PROTOTYPES = YES;
				CLANG_WARN_SUSPICIOUS_MOVE = YES;
				CLANG_WARN_UNGUARDED_AVAILABILITY = YES_AGGRESSIVE;
				CLANG_WARN_UNREACHABLE_CODE = YES;
				CLANG_WARN__DUPLICATE_METHOD_MATCH = YES;
				COPY_PHASE_STRIP = NO;
				DEBUG_INFORMATION_FORMAT = dwarf;
				ENABLE_STRICT_OBJC_MSGSEND = YES;
				ENABLE_TESTABILITY = YES;
				GCC_C_LANGUAGE_STANDARD = gnu11;
				GCC_DYNAMIC_NO_PIC = NO;
				GCC_NO_COMMON_BLOCKS = YES;
				GCC_OPTIMIZATION_LEVEL = 0;
				GCC_PREPROCESSOR_DEFINITIONS = (
					"DEBUG=1",
					"$(inherited)",
				);
				GCC_WARN_64_TO_32_BIT_CONVERSION = YES;
				GCC_WARN_ABOUT_RETURN_TYPE = YES_ERROR;
				GCC_WARN_UNDECLARED_SELECTOR = YES;
				GCC_WARN_UNINITIALIZED_AUTOS = YES_AGGRESSIVE;
				GCC_WARN_UNUSED_FUNCTION = YES;
				GCC_WARN_UNUSED_VARIABLE = YES;
				MACOSX_DEPLOYMENT_TARGET = 10.15;
				MTL_ENABLE_DEBUG_INFO = INCLUDE_SOURCE;
				MTL_FAST_MATH = YES;
				ONLY_ACTIVE_ARCH = YES;
				SDKROOT = macosx;
				SWIFT_ACTIVE_COMPILATION_CONDITIONS = DEBUG;
				SWIFT_OPTIMIZATION_LEVEL = "-Onone";
			};
			name = Debug;
		};
		F0EE85072476B23400C17845 /* Release */ = {
			isa = XCBuildConfiguration;
			buildSettings = {
				ALWAYS_SEARCH_USER_PATHS = NO;
				CLANG_ANALYZER_NONNULL = YES;
				CLANG_ANALYZER_NUMBER_OBJECT_CONVERSION = YES_AGGRESSIVE;
				CLANG_CXX_LANGUAGE_STANDARD = "gnu++14";
				CLANG_CXX_LIBRARY = "libc++";
				CLANG_ENABLE_MODULES = YES;
				CLANG_ENABLE_OBJC_ARC = YES;
				CLANG_ENABLE_OBJC_WEAK = YES;
				CLANG_WARN_BLOCK_CAPTURE_AUTORELEASING = YES;
				CLANG_WARN_BOOL_CONVERSION = YES;
				CLANG_WARN_COMMA = YES;
				CLANG_WARN_CONSTANT_CONVERSION = YES;
				CLANG_WARN_DEPRECATED_OBJC_IMPLEMENTATIONS = YES;
				CLANG_WARN_DIRECT_OBJC_ISA_USAGE = YES_ERROR;
				CLANG_WARN_DOCUMENTATION_COMMENTS = YES;
				CLANG_WARN_EMPTY_BODY = YES;
				CLANG_WARN_ENUM_CONVERSION = YES;
				CLANG_WARN_INFINITE_RECURSION = YES;
				CLANG_WARN_INT_CONVERSION = YES;
				CLANG_WARN_NON_LITERAL_NULL_CONVERSION = YES;
				CLANG_WARN_OBJC_IMPLICIT_RETAIN_SELF = YES;
				CLANG_WARN_OBJC_LITERAL_CONVERSION = YES;
				CLANG_WARN_OBJC_ROOT_CLASS = YES_ERROR;
				CLANG_WARN_RANGE_LOOP_ANALYSIS = YES;
				CLANG_WARN_STRICT_PROTOTYPES = YES;
				CLANG_WARN_SUSPICIOUS_MOVE = YES;
				CLANG_WARN_UNGUARDED_AVAILABILITY = YES_AGGRESSIVE;
				CLANG_WARN_UNREACHABLE_CODE = YES;
				CLANG_WARN__DUPLICATE_METHOD_MATCH = YES;
				COPY_PHASE_STRIP = NO;
				DEBUG_INFORMATION_FORMAT = "dwarf-with-dsym";
				ENABLE_NS_ASSERTIONS = NO;
				ENABLE_STRICT_OBJC_MSGSEND = YES;
				GCC_C_LANGUAGE_STANDARD = gnu11;
				GCC_NO_COMMON_BLOCKS = YES;
				GCC_WARN_64_TO_32_BIT_CONVERSION = YES;
				GCC_WARN_ABOUT_RETURN_TYPE = YES_ERROR;
				GCC_WARN_UNDECLARED_SELECTOR = YES;
				GCC_WARN_UNINITIALIZED_AUTOS = YES_AGGRESSIVE;
				GCC_WARN_UNUSED_FUNCTION = YES;
				GCC_WARN_UNUSED_VARIABLE = YES;
				MACOSX_DEPLOYMENT_TARGET = 10.15;
				MTL_ENABLE_DEBUG_INFO = NO;
				MTL_FAST_MATH = YES;
				SDKROOT = macosx;
				SWIFT_COMPILATION_MODE = wholemodule;
				SWIFT_OPTIMIZATION_LEVEL = "-O";
			};
			name = Release;
		};
		F0EE85092476B23400C17845 /* Debug */ = {
			isa = XCBuildConfiguration;
			buildSettings = {
				CODE_SIGN_STYLE = Automatic;
				PRODUCT_NAME = "$(TARGET_NAME)";
				SWIFT_VERSION = 5.0;
			};
			name = Debug;
		};
		F0EE850A2476B23400C17845 /* Release */ = {
			isa = XCBuildConfiguration;
			buildSettings = {
				CODE_SIGN_STYLE = Automatic;
				PRODUCT_NAME = "$(TARGET_NAME)";
				SWIFT_VERSION = 5.0;
			};
			name = Release;
		};
/* End XCBuildConfiguration section */

/* Begin XCConfigurationList section */
		F0EE84FC2476B23400C17845 /* Build configuration list for PBXProject "TestableAPIProject" */ = {
			isa = XCConfigurationList;
			buildConfigurations = (
				F0EE85062476B23400C17845 /* Debug */,
				F0EE85072476B23400C17845 /* Release */,
			);
			defaultConfigurationIsVisible = 0;
			defaultConfigurationName = Release;
		};
		F0EE85082476B23400C17845 /* Build configuration list for PBXNativeTarget "TestableAPIProject" */ = {
			isa = XCConfigurationList;
			buildConfigurations = (
				F0EE85092476B23400C17845 /* Debug */,
				F0EE850A2476B23400C17845 /* Release */,
			);
			defaultConfigurationIsVisible = 0;
			defaultConfigurationName = Release;
		};
/* End XCConfigurationList section */
	};
	rootObject = F0EE84F92476B23400C17845 /* Project object */;
}
